
Microsoft Visual Studio Solution File, Format Version 12.00
# Visual Studio Version 16
VisualStudioVersion = 16.0.31424.327
MinimumVisualStudioVersion = 10.0.40219.1
Project("{9A19103F-16F7-4668-BE54-9A1E7A4F7556}") = "PodcastMetadataDownload", "PodcastMetadataDownload\PodcastMetadataDownload.csproj", "{27B915EE-E4E3-4F48-B611-97FC4C6F77BC}"
EndProject
Project("{FAE04EC0-301F-11D3-BF4B-00C04F79EFBC}") = "PodcastMetadataParse", "PodcastMetadataParse\PodcastMetadataParse.csproj", "{D5C02FB4-9556-4CAB-BFFD-4BC26B284920}"
EndProject
Global
	GlobalSection(SolutionConfigurationPlatforms) = preSolution
		Debug|Any CPU = Debug|Any CPU
		Release|Any CPU = Release|Any CPU
	EndGlobalSection
	GlobalSection(ProjectConfigurationPlatforms) = postSolution
		{27B915EE-E4E3-4F48-B611-97FC4C6F77BC}.Debug|Any CPU.ActiveCfg = Debug|Any CPU
		{27B915EE-E4E3-4F48-B611-97FC4C6F77BC}.Debug|Any CPU.Build.0 = Debug|Any CPU
		{27B915EE-E4E3-4F48-B611-97FC4C6F77BC}.Release|Any CPU.ActiveCfg = Release|Any CPU
		{27B915EE-E4E3-4F48-B611-97FC4C6F77BC}.Release|Any CPU.Build.0 = Release|Any CPU
		{D5C02FB4-9556-4CAB-BFFD-4BC26B284920}.Debug|Any CPU.ActiveCfg = Debug|Any CPU
		{D5C02FB4-9556-4CAB-BFFD-4BC26B284920}.Debug|Any CPU.Build.0 = Debug|Any CPU
		{D5C02FB4-9556-4CAB-BFFD-4BC26B284920}.Release|Any CPU.ActiveCfg = Release|Any CPU
		{D5C02FB4-9556-4CAB-BFFD-4BC26B284920}.Release|Any CPU.Build.0 = Release|Any CPU
	EndGlobalSection
	GlobalSection(SolutionProperties) = preSolution
		HideSolutionNode = FALSE
	EndGlobalSection
	GlobalSection(ExtensibilityGlobals) = postSolution
		SolutionGuid = {07E79E76-FB8F-4028-8304-A3583E82E5C8}
	EndGlobalSection
EndGlobal
